dependencies:
- name: common
  repository: https://charts.bitnami.com/bitnami
  version: 2.4.0
- name: reloader
  repository: https://stakater.github.io/stakater-charts
  version: 1.0.33
digest: sha256:956449ff969e5b9a869d8826e97360f1e4d5f0a8e48b293106c23c79e697e443
generated: "2023-07-27T02:46:00.282076455Z"
