dependencies:
- name: common
  repository: https://charts.bitnami.com/bitnami
  version: 2.6.0
- name: reloader
  repository: https://stakater.github.io/stakater-charts
  version: v1.0.26
digest: sha256:cb4ef818bd91dba2a7e473aca7452e2acce8db72027afe1ab8d657fe51e0b86b
generated: "2023-07-05T02:19:09.372589729Z"
